
Microsoft Visual Studio Solution File, Format Version 12.00
# Visual Studio Version 17
VisualStudioVersion = 17.0.31912.275
MinimumVisualStudioVersion = 10.0.40219.1
Project("{FAE04EC0-301F-11D3-BF4B-00C04F79EFBC}") = "CCA2", "CCA2\CCA2.csproj", "{A5909DC0-8353-4C67-8913-CABF40471C72}"
EndProject
Global
	GlobalSection(SolutionConfigurationPlatforms) = preSolution
		Debug|Any CPU = Debug|Any CPU
		Release|Any CPU = Release|Any CPU
	EndGlobalSection
	GlobalSection(ProjectConfigurationPlatforms) = postSolution
		{A5909DC0-8353-4C67-8913-CABF40471C72}.Debug|Any CPU.ActiveCfg = Debug|Any CPU
		{A5909DC0-8353-4C67-8913-CABF40471C72}.Debug|Any CPU.Build.0 = Debug|Any CPU
		{A5909DC0-8353-4C67-8913-CABF40471C72}.Release|Any CPU.ActiveCfg = Release|Any CPU
		{A5909DC0-8353-4C67-8913-CABF40471C72}.Release|Any CPU.Build.0 = Release|Any CPU
	EndGlobalSection
	GlobalSection(SolutionProperties) = preSolution
		HideSolutionNode = FALSE
	EndGlobalSection
	GlobalSection(ExtensibilityGlobals) = postSolution
		SolutionGuid = {8D06FB2D-6F99-4D24-939C-34BC60982380}
	EndGlobalSection
EndGlobal
